// !$*UTF8*$!
{
	archiveVersion = 1;
	classes = {
	};
	objectVersion = 46;
	objects = {

/* Begin PBXBuildFile section */
		386F43751B923EA500E6375C /* main.m in Sources */ = {isa = PBXBuildFile; fileRef = 386F43741B923EA500E6375C /* main.m */; };
		386F43781B923EA500E6375C /* AppDelegate.m in Sources */ = {isa = PBXBuildFile; fileRef = 386F43771B923EA500E6375C /* AppDelegate.m */; };
		386F437B1B923EA500E6375C /* ViewController.m in Sources */ = {isa = PBXBuildFile; fileRef = 386F437A1B923EA500E6375C /* ViewController.m */; };
		386F437E1B923EA500E6375C /* Main.storyboard in Resources */ = {isa = PBXBuildFile; fileRef = 386F437C1B923EA500E6375C /* Main.storyboard */; };
		386F43801B923EA500E6375C /* Images.xcassets in Resources */ = {isa = PBXBuildFile; fileRef = 386F437F1B923EA500E6375C /* Images.xcassets */; };
		386F43831B923EA500E6375C /* LaunchScreen.xib in Resources */ = {isa = PBXBuildFile; fileRef = 386F43811B923EA500E6375C /* LaunchScreen.xib */; };
		386F438F1B923EA500E6375C /* JK3DFlapViewTests.m in Sources */ = {isa = PBXBuildFile; fileRef = 386F438E1B923EA500E6375C /* JK3DFlapViewTests.m */; };
		38D7DDA51B9398C7002441E2 /* UIImage+AlphaChange.m in Sources */ = {isa = PBXBuildFile; fileRef = 38D7DDA41B9398C7002441E2 /* UIImage+AlphaChange.m */; };
		38D7DDB31B93B46E002441E2 /* blur-spotlight.png in Resources */ = {isa = PBXBuildFile; fileRef = 38D7DDAF1B93B46E002441E2 /* blur-spotlight.png */; };
		38D7DDB41B93B46E002441E2 /* blur-black.png in Resources */ = {isa = PBXBuildFile; fileRef = 38D7DDB01B93B46E002441E2 /* blur-black.png */; };
		38D7DDB51B93B46E002441E2 /* blur-colorful.png in Resources */ = {isa = PBXBuildFile; fileRef = 38D7DDB11B93B46E002441E2 /* blur-colorful.png */; };
		38D7DDB61B93B46E002441E2 /* blur-blue.png in Resources */ = {isa = PBXBuildFile; fileRef = 38D7DDB21B93B46E002441E2 /* blur-blue.png */; };
		38D7DDBA1B93BC6B002441E2 /* JKFlippingView.m in Sources */ = {isa = PBXBuildFile; fileRef = 38D7DDB91B93BC6B002441E2 /* JKFlippingView.m */; };
		A7C50D15DFBC77DCFB74CF6E /* libPods.a in Frameworks */ = {isa = PBXBuildFile; fileRef = 08B6517D770684B0710A35DB /* libPods.a */; };
/* End PBXBuildFile section */

/* Begin PBXContainerItemProxy section */
		386F43891B923EA500E6375C /* PBXContainerItemProxy */ = {
			isa = PBXContainerItemProxy;
			containerPortal = 386F43671B923EA500E6375C /* Project object */;
			proxyType = 1;
			remoteGlobalIDString = 386F436E1B923EA500E6375C;
			remoteInfo = JK3DFlapView;
		};
/* End PBXContainerItemProxy section */

/* Begin PBXFileReference section */
		08B6517D770684B0710A35DB /* libPods.a */ = {isa = PBXFileReference; explicitFileType = archive.ar; includeInIndex = 0; path = libPods.a; sourceTree = BUILT_PRODUCTS_DIR; };
		24000BF56369B3EF79CEBBFF /* Pods.release.xcconfig */ = {isa = PBXFileReference; includeInIndex = 1; lastKnownFileType = text.xcconfig; name = Pods.release.xcconfig; path = "Pods/Target Support Files/Pods/Pods.release.xcconfig"; sourceTree = "<group>"; };
		386F436F1B923EA500E6375C /* JK3DFlapView.app */ = {isa = PBXFileReference; explicitFileType = wrapper.application; includeInIndex = 0; path = JK3DFlapView.app; sourceTree = BUILT_PRODUCTS_DIR; };
		386F43731B923EA500E6375C /* Info.plist */ = {isa = PBXFileReference; lastKnownFileType = text.plist.xml; path = Info.plist; sourceTree = "<group>"; };
		386F43741B923EA500E6375C /* main.m */ = {isa = PBXFileReference; lastKnownFileType = sourcecode.c.objc; path = main.m; sourceTree = "<group>"; };
		386F43761B923EA500E6375C /* AppDelegate.h */ = {isa = PBXFileReference; lastKnownFileType = sourcecode.c.h; path = AppDelegate.h; sourceTree = "<group>"; };
		386F43771B923EA500E6375C /* AppDelegate.m */ = {isa = PBXFileReference; lastKnownFileType = sourcecode.c.objc; path = AppDelegate.m; sourceTree = "<group>"; };
		386F43791B923EA500E6375C /* ViewController.h */ = {isa = PBXFileReference; lastKnownFileType = sourcecode.c.h; path = ViewController.h; sourceTree = "<group>"; };
		386F437A1B923EA500E6375C /* ViewController.m */ = {isa = PBXFileReference; lastKnownFileType = sourcecode.c.objc; path = ViewController.m; sourceTree = "<group>"; };
		386F437D1B923EA500E6375C /* Base */ = {isa = PBXFileReference; lastKnownFileType = file.storyboard; name = Base; path = Base.lproj/Main.storyboard; sourceTree = "<group>"; };
		386F437F1B923EA500E6375C /* Images.xcassets */ = {isa = PBXFileReference; lastKnownFileType = folder.assetcatalog; path = Images.xcassets; sourceTree = "<group>"; };
		386F43821B923EA500E6375C /* Base */ = {isa = PBXFileReference; lastKnownFileType = file.xib; name = Base; path = Base.lproj/LaunchScreen.xib; sourceTree = "<group>"; };
		386F43881B923EA500E6375C /* JK3DFlapViewTests.xctest */ = {isa = PBXFileReference; explicitFileType = wrapper.cfbundle; includeInIndex = 0; path = JK3DFlapViewTests.xctest; sourceTree = BUILT_PRODUCTS_DIR; };
		386F438D1B923EA500E6375C /* Info.plist */ = {isa = PBXFileReference; lastKnownFileType = text.plist.xml; path = Info.plist; sourceTree = "<group>"; };
		386F438E1B923EA500E6375C /* JK3DFlapViewTests.m */ = {isa = PBXFileReference; lastKnownFileType = sourcecode.c.objc; path = JK3DFlapViewTests.m; sourceTree = "<group>"; };
		38D7DDA31B9398C7002441E2 /* UIImage+AlphaChange.h */ = {isa = PBXFileReference; fileEncoding = 4; lastKnownFileType = sourcecode.c.h; path = "UIImage+AlphaChange.h"; sourceTree = "<group>"; };
		38D7DDA41B9398C7002441E2 /* UIImage+AlphaChange.m */ = {isa = PBXFileReference; fileEncoding = 4; lastKnownFileType = sourcecode.c.objc; path = "UIImage+AlphaChange.m"; sourceTree = "<group>"; };
		38D7DDA61B93AAE0002441E2 /* JK3DFlapViewEnumsCollection.h */ = {isa = PBXFileReference; lastKnownFileType = sourcecode.c.h; path = JK3DFlapViewEnumsCollection.h; sourceTree = "<group>"; };
		38D7DDAF1B93B46E002441E2 /* blur-spotlight.png */ = {isa = PBXFileReference; lastKnownFileType = image.png; path = "blur-spotlight.png"; sourceTree = "<group>"; };
		38D7DDB01B93B46E002441E2 /* blur-black.png */ = {isa = PBXFileReference; lastKnownFileType = image.png; path = "blur-black.png"; sourceTree = "<group>"; };
		38D7DDB11B93B46E002441E2 /* blur-colorful.png */ = {isa = PBXFileReference; lastKnownFileType = image.png; path = "blur-colorful.png"; sourceTree = "<group>"; };
		38D7DDB21B93B46E002441E2 /* blur-blue.png */ = {isa = PBXFileReference; lastKnownFileType = image.png; path = "blur-blue.png"; sourceTree = "<group>"; };
		38D7DDB81B93BC6B002441E2 /* JKFlippingView.h */ = {isa = PBXFileReference; fileEncoding = 4; lastKnownFileType = sourcecode.c.h; path = JKFlippingView.h; sourceTree = "<group>"; };
		38D7DDB91B93BC6B002441E2 /* JKFlippingView.m */ = {isa = PBXFileReference; fileEncoding = 4; lastKnownFileType = sourcecode.c.objc; path = JKFlippingView.m; sourceTree = "<group>"; };
		8954BF20BA072162555074B9 /* Pods.debug.xcconfig */ = {isa = PBXFileReference; includeInIndex = 1; lastKnownFileType = text.xcconfig; name = Pods.debug.xcconfig; path = "Pods/Target Support Files/Pods/Pods.debug.xcconfig"; sourceTree = "<group>"; };
/* End PBXFileReference section */

/* Begin PBXFrameworksBuildPhase section */
		386F436C1B923EA500E6375C /* Frameworks */ = {
			isa = PBXFrameworksBuildPhase;
			buildActionMask = 2147483647;
			files = (
				A7C50D15DFBC77DCFB74CF6E /* libPods.a in Frameworks */,
			);
			runOnlyForDeploymentPostprocessing = 0;
		};
		386F43851B923EA500E6375C /* Frameworks */ = {
			isa = PBXFrameworksBuildPhase;
			buildActionMask = 2147483647;
			files = (
			);
			runOnlyForDeploymentPostprocessing = 0;
		};
/* End PBXFrameworksBuildPhase section */

/* Begin PBXGroup section */
		1242DA0903DD0DD1CD863760 /* Frameworks */ = {
			isa = PBXGroup;
			children = (
				08B6517D770684B0710A35DB /* libPods.a */,
			);
			name = Frameworks;
			sourceTree = "<group>";
		};
		1495B3D2EB03D852C7D5044A /* Pods */ = {
			isa = PBXGroup;
			children = (
				8954BF20BA072162555074B9 /* Pods.debug.xcconfig */,
				24000BF56369B3EF79CEBBFF /* Pods.release.xcconfig */,
			);
			name = Pods;
			sourceTree = "<group>";
		};
		386F43661B923EA500E6375C = {
			isa = PBXGroup;
			children = (
				386F43711B923EA500E6375C /* JK3DFlapView */,
				386F438B1B923EA500E6375C /* JK3DFlapViewTests */,
				386F43701B923EA500E6375C /* Products */,
				1495B3D2EB03D852C7D5044A /* Pods */,
				1242DA0903DD0DD1CD863760 /* Frameworks */,
			);
			sourceTree = "<group>";
		};
		386F43701B923EA500E6375C /* Products */ = {
			isa = PBXGroup;
			children = (
				386F436F1B923EA500E6375C /* JK3DFlapView.app */,
				386F43881B923EA500E6375C /* JK3DFlapViewTests.xctest */,
			);
			name = Products;
			sourceTree = "<group>";
		};
		386F43711B923EA500E6375C /* JK3DFlapView */ = {
			isa = PBXGroup;
			children = (
				38D7DDB71B93BAB4002441E2 /* images */,
				386F43981B923F8800E6375C /* Classes */,
				386F43761B923EA500E6375C /* AppDelegate.h */,
				386F43771B923EA500E6375C /* AppDelegate.m */,
				386F43791B923EA500E6375C /* ViewController.h */,
				386F437A1B923EA500E6375C /* ViewController.m */,
				386F437C1B923EA500E6375C /* Main.storyboard */,
				386F437F1B923EA500E6375C /* Images.xcassets */,
				386F43811B923EA500E6375C /* LaunchScreen.xib */,
				386F43721B923EA500E6375C /* Supporting Files */,
				38D7DDA61B93AAE0002441E2 /* JK3DFlapViewEnumsCollection.h */,
			);
			path = JK3DFlapView;
			sourceTree = "<group>";
		};
		386F43721B923EA500E6375C /* Supporting Files */ = {
			isa = PBXGroup;
			children = (
				386F43731B923EA500E6375C /* Info.plist */,
				386F43741B923EA500E6375C /* main.m */,
			);
			name = "Supporting Files";
			sourceTree = "<group>";
		};
		386F438B1B923EA500E6375C /* JK3DFlapViewTests */ = {
			isa = PBXGroup;
			children = (
				386F438E1B923EA500E6375C /* JK3DFlapViewTests.m */,
				386F438C1B923EA500E6375C /* Supporting Files */,
			);
			path = JK3DFlapViewTests;
			sourceTree = "<group>";
		};
		386F438C1B923EA500E6375C /* Supporting Files */ = {
			isa = PBXGroup;
			children = (
				386F438D1B923EA500E6375C /* Info.plist */,
			);
			name = "Supporting Files";
			sourceTree = "<group>";
		};
		386F43981B923F8800E6375C /* Classes */ = {
			isa = PBXGroup;
			children = (
				38D7DDA31B9398C7002441E2 /* UIImage+AlphaChange.h */,
				38D7DDA41B9398C7002441E2 /* UIImage+AlphaChange.m */,
				38D7DDB81B93BC6B002441E2 /* JKFlippingView.h */,
				38D7DDB91B93BC6B002441E2 /* JKFlippingView.m */,
			);
			name = Classes;
			sourceTree = "<group>";
		};
		38D7DDB71B93BAB4002441E2 /* images */ = {
			isa = PBXGroup;
			children = (
				38D7DDAF1B93B46E002441E2 /* blur-spotlight.png */,
				38D7DDB01B93B46E002441E2 /* blur-black.png */,
				38D7DDB11B93B46E002441E2 /* blur-colorful.png */,
				38D7DDB21B93B46E002441E2 /* blur-blue.png */,
			);
			name = images;
			sourceTree = "<group>";
		};
/* End PBXGroup section */

/* Begin PBXNativeTarget section */
		386F436E1B923EA500E6375C /* JK3DFlapView */ = {
			isa = PBXNativeTarget;
			buildConfigurationList = 386F43921B923EA500E6375C /* Build configuration list for PBXNativeTarget "JK3DFlapView" */;
			buildPhases = (
				F78B5FBED3EB976B90CEDC0B /* Check Pods Manifest.lock */,
				386F436B1B923EA500E6375C /* Sources */,
				386F436C1B923EA500E6375C /* Frameworks */,
				386F436D1B923EA500E6375C /* Resources */,
				C58B7C1FCC806E2F1A052131 /* Copy Pods Resources */,
			);
			buildRules = (
			);
			dependencies = (
			);
			name = JK3DFlapView;
			productName = JK3DFlapView;
			productReference = 386F436F1B923EA500E6375C /* JK3DFlapView.app */;
			productType = "com.apple.product-type.application";
		};
		386F43871B923EA500E6375C /* JK3DFlapViewTests */ = {
			isa = PBXNativeTarget;
			buildConfigurationList = 386F43951B923EA500E6375C /* Build configuration list for PBXNativeTarget "JK3DFlapViewTests" */;
			buildPhases = (
				386F43841B923EA500E6375C /* Sources */,
				386F43851B923EA500E6375C /* Frameworks */,
				386F43861B923EA500E6375C /* Resources */,
			);
			buildRules = (
			);
			dependencies = (
				386F438A1B923EA500E6375C /* PBXTargetDependency */,
			);
			name = JK3DFlapViewTests;
			productName = JK3DFlapViewTests;
			productReference = 386F43881B923EA500E6375C /* JK3DFlapViewTests.xctest */;
			productType = "com.apple.product-type.bundle.unit-test";
		};
/* End PBXNativeTarget section */

/* Begin PBXProject section */
		386F43671B923EA500E6375C /* Project object */ = {
			isa = PBXProject;
			attributes = {
				LastUpgradeCheck = 0640;
				ORGANIZATIONNAME = "Jayesh Kawli Backup";
				TargetAttributes = {
					386F436E1B923EA500E6375C = {
						CreatedOnToolsVersion = 6.4;
					};
					386F43871B923EA500E6375C = {
						CreatedOnToolsVersion = 6.4;
						TestTargetID = 386F436E1B923EA500E6375C;
					};
				};
			};
			buildConfigurationList = 386F436A1B923EA500E6375C /* Build configuration list for PBXProject "JK3DFlapView" */;
			compatibilityVersion = "Xcode 3.2";
			developmentRegion = English;
			hasScannedForEncodings = 0;
			knownRegions = (
				en,
				Base,
			);
			mainGroup = 386F43661B923EA500E6375C;
			productRefGroup = 386F43701B923EA500E6375C /* Products */;
			projectDirPath = "";
			projectRoot = "";
			targets = (
				386F436E1B923EA500E6375C /* JK3DFlapView */,
				386F43871B923EA500E6375C /* JK3DFlapViewTests */,
			);
		};
/* End PBXProject section */

/* Begin PBXResourcesBuildPhase section */
		386F436D1B923EA500E6375C /* Resources */ = {
			isa = PBXResourcesBuildPhase;
			buildActionMask = 2147483647;
			files = (
				38D7DDB51B93B46E002441E2 /* blur-colorful.png in Resources */,
				38D7DDB61B93B46E002441E2 /* blur-blue.png in Resources */,
				386F437E1B923EA500E6375C /* Main.storyboard in Resources */,
				38D7DDB41B93B46E002441E2 /* blur-black.png in Resources */,
				38D7DDB31B93B46E002441E2 /* blur-spotlight.png in Resources */,
				386F43831B923EA500E6375C /* LaunchScreen.xib in Resources */,
				386F43801B923EA500E6375C /* Images.xcassets in Resources */,
			);
			runOnlyForDeploymentPostprocessing = 0;
		};
		386F43861B923EA500E6375C /* Resources */ = {
			isa = PBXResourcesBuildPhase;
			buildActionMask = 2147483647;
			files = (
			);
			runOnlyForDeploymentPostprocessing = 0;
		};
/* End PBXResourcesBuildPhase section */

/* Begin PBXShellScriptBuildPhase section */
		C58B7C1FCC806E2F1A052131 /* Copy Pods Resources */ = {
			isa = PBXShellScriptBuildPhase;
			buildActionMask = 2147483647;
			files = (
			);
			inputPaths = (
			);
			name = "Copy Pods Resources";
			outputPaths = (
			);
			runOnlyForDeploymentPostprocessing = 0;
			shellPath = /bin/sh;
			shellScript = "\"${SRCROOT}/Pods/Target Support Files/Pods/Pods-resources.sh\"\n";
			showEnvVarsInLog = 0;
		};
		F78B5FBED3EB976B90CEDC0B /* Check Pods Manifest.lock */ = {
			isa = PBXShellScriptBuildPhase;
			buildActionMask = 2147483647;
			files = (
			);
			inputPaths = (
			);
			name = "Check Pods Manifest.lock";
			outputPaths = (
			);
			runOnlyForDeploymentPostprocessing = 0;
			shellPath = /bin/sh;
			shellScript = "diff \"${PODS_ROOT}/../Podfile.lock\" \"${PODS_ROOT}/Manifest.lock\" > /dev/null\nif [[ $? != 0 ]] ; then\n    cat << EOM\nerror: The sandbox is not in sync with the Podfile.lock. Run 'pod install' or update your CocoaPods installation.\nEOM\n    exit 1\nfi\n";
			showEnvVarsInLog = 0;
		};
/* End PBXShellScriptBuildPhase section */

/* Begin PBXSourcesBuildPhase section */
		386F436B1B923EA500E6375C /* Sources */ = {
			isa = PBXSourcesBuildPhase;
			buildActionMask = 2147483647;
			files = (
				38D7DDA51B9398C7002441E2 /* UIImage+AlphaChange.m in Sources */,
				386F437B1B923EA500E6375C /* ViewController.m in Sources */,
				386F43781B923EA500E6375C /* AppDelegate.m in Sources */,
				386F43751B923EA500E6375C /* main.m in Sources */,
				38D7DDBA1B93BC6B002441E2 /* JKFlippingView.m in Sources */,
			);
			runOnlyForDeploymentPostprocessing = 0;
		};
		386F43841B923EA500E6375C /* Sources */ = {
			isa = PBXSourcesBuildPhase;
			buildActionMask = 2147483647;
			files = (
				386F438F1B923EA500E6375C /* JK3DFlapViewTests.m in Sources */,
			);
			runOnlyForDeploymentPostprocessing = 0;
		};
/* End PBXSourcesBuildPhase section */

/* Begin PBXTargetDependency section */
		386F438A1B923EA500E6375C /* PBXTargetDependency */ = {
			isa = PBXTargetDependency;
			target = 386F436E1B923EA500E6375C /* JK3DFlapView */;
			targetProxy = 386F43891B923EA500E6375C /* PBXContainerItemProxy */;
		};
/* End PBXTargetDependency section */

/* Begin PBXVariantGroup section */
		386F437C1B923EA500E6375C /* Main.storyboard */ = {
			isa = PBXVariantGroup;
			children = (
				386F437D1B923EA500E6375C /* Base */,
			);
			name = Main.storyboard;
			sourceTree = "<group>";
		};
		386F43811B923EA500E6375C /* LaunchScreen.xib */ = {
			isa = PBXVariantGroup;
			children = (
				386F43821B923EA500E6375C /* Base */,
			);
			name = LaunchScreen.xib;
			sourceTree = "<group>";
		};
/* End PBXVariantGroup section */

/* Begin XCBuildConfiguration section */
		386F43901B923EA500E6375C /* Debug */ = {
			isa = XCBuildConfiguration;
			buildSettings = {
				ALWAYS_SEARCH_USER_PATHS = NO;
				CLANG_CXX_LANGUAGE_STANDARD = "gnu++0x";
				CLANG_CXX_LIBRARY = "libc++";
				CLANG_ENABLE_MODULES = YES;
				CLANG_ENABLE_OBJC_ARC = YES;
				CLANG_WARN_BOOL_CONVERSION = YES;
				CLANG_WARN_CONSTANT_CONVERSION = YES;
				CLANG_WARN_DIRECT_OBJC_ISA_USAGE = YES_ERROR;
				CLANG_WARN_EMPTY_BODY = YES;
				CLANG_WARN_ENUM_CONVERSION = YES;
				CLANG_WARN_INT_CONVERSION = YES;
				CLANG_WARN_OBJC_ROOT_CLASS = YES_ERROR;
				CLANG_WARN_UNREACHABLE_CODE = YES;
				CLANG_WARN__DUPLICATE_METHOD_MATCH = YES;
				"CODE_SIGN_IDENTITY[sdk=iphoneos*]" = "iPhone Developer";
				COPY_PHASE_STRIP = NO;
				DEBUG_INFORMATION_FORMAT = "dwarf-with-dsym";
				ENABLE_STRICT_OBJC_MSGSEND = YES;
				GCC_C_LANGUAGE_STANDARD = gnu99;
				GCC_DYNAMIC_NO_PIC = NO;
				GCC_NO_COMMON_BLOCKS = YES;
				GCC_OPTIMIZATION_LEVEL = 0;
				GCC_PREPROCESSOR_DEFINITIONS = (
					"DEBUG=1",
					"$(inherited)",
				);
				GCC_SYMBOLS_PRIVATE_EXTERN = NO;
				GCC_WARN_64_TO_32_BIT_CONVERSION = YES;
				GCC_WARN_ABOUT_RETURN_TYPE = YES_ERROR;
				GCC_WARN_UNDECLARED_SELECTOR = YES;
				GCC_WARN_UNINITIALIZED_AUTOS = YES_AGGRESSIVE;
				GCC_WARN_UNUSED_FUNCTION = YES;
				GCC_WARN_UNUSED_VARIABLE = YES;
				IPHONEOS_DEPLOYMENT_TARGET = 8.4;
				MTL_ENABLE_DEBUG_INFO = YES;
				ONLY_ACTIVE_ARCH = YES;
				SDKROOT = iphoneos;
				TARGETED_DEVICE_FAMILY = "1,2";
			};
			name = Debug;
		};
		386F43911B923EA500E6375C /* Release */ = {
			isa = XCBuildConfiguration;
			buildSettings = {
				ALWAYS_SEARCH_USER_PATHS = NO;
				CLANG_CXX_LANGUAGE_STANDARD = "gnu++0x";
				CLANG_CXX_LIBRARY = "libc++";
				CLANG_ENABLE_MODULES = YES;
				CLANG_ENABLE_OBJC_ARC = YES;
				CLANG_WARN_BOOL_CONVERSION = YES;
				CLANG_WARN_CONSTANT_CONVERSION = YES;
				CLANG_WARN_DIRECT_OBJC_ISA_USAGE = YES_ERROR;
				CLANG_WARN_EMPTY_BODY = YES;
				CLANG_WARN_ENUM_CONVERSION = YES;
				CLANG_WARN_INT_CONVERSION = YES;
				CLANG_WARN_OBJC_ROOT_CLASS = YES_ERROR;
				CLANG_WARN_UNREACHABLE_CODE = YES;
				CLANG_WARN__DUPLICATE_METHOD_MATCH = YES;
				"CODE_SIGN_IDENTITY[sdk=iphoneos*]" = "iPhone Developer";
				COPY_PHASE_STRIP = NO;
				DEBUG_INFORMATION_FORMAT = "dwarf-with-dsym";
				ENABLE_NS_ASSERTIONS = NO;
				ENABLE_STRICT_OBJC_MSGSEND = YES;
				GCC_C_LANGUAGE_STANDARD = gnu99;
				GCC_NO_COMMON_BLOCKS = YES;
				GCC_WARN_64_TO_32_BIT_CONVERSION = YES;
				GCC_WARN_ABOUT_RETURN_TYPE = YES_ERROR;
				GCC_WARN_UNDECLARED_SELECTOR = YES;
				GCC_WARN_UNINITIALIZED_AUTOS = YES_AGGRESSIVE;
				GCC_WARN_UNUSED_FUNCTION = YES;
				GCC_WARN_UNUSED_VARIABLE = YES;
				IPHONEOS_DEPLOYMENT_TARGET = 8.4;
				MTL_ENABLE_DEBUG_INFO = NO;
				SDKROOT = iphoneos;
				TARGETED_DEVICE_FAMILY = "1,2";
				VALIDATE_PRODUCT = YES;
			};
			name = Release;
		};
		386F43931B923EA500E6375C /* Debug */ = {
			isa = XCBuildConfiguration;
			baseConfigurationReference = 8954BF20BA072162555074B9 /* Pods.debug.xcconfig */;
			buildSettings = {
				ASSETCATALOG_COMPILER_APPICON_NAME = AppIcon;
				INFOPLIST_FILE = JK3DFlapView/Info.plist;
				LD_RUNPATH_SEARCH_PATHS = "$(inherited) @executable_path/Frameworks";
				PRODUCT_NAME = "$(TARGET_NAME)";
			};
			name = Debug;
		};
		386F43941B923EA500E6375C /* Release */ = {
			isa = XCBuildConfiguration;
			baseConfigurationReference = 24000BF56369B3EF79CEBBFF /* Pods.release.xcconfig */;
			buildSettings = {
				ASSETCATALOG_COMPILER_APPICON_NAME = AppIcon;
				INFOPLIST_FILE = JK3DFlapView/Info.plist;
				LD_RUNPATH_SEARCH_PATHS = "$(inherited) @executable_path/Frameworks";
				PRODUCT_NAME = "$(TARGET_NAME)";
			};
			name = Release;
		};
		386F43961B923EA500E6375C /* Debug */ = {
			isa = XCBuildConfiguration;
			buildSettings = {
				BUNDLE_LOADER = "$(TEST_HOST)";
				FRAMEWORK_SEARCH_PATHS = (
					"$(SDKROOT)/Developer/Library/Frameworks",
					"$(inherited)",
				);
				GCC_PREPROCESSOR_DEFINITIONS = (
					"DEBUG=1",
					"$(inherited)",
				);
				INFOPLIST_FILE = JK3DFlapViewTests/Info.plist;
				LD_RUNPATH_SEARCH_PATHS = "$(inherited) @executable_path/Frameworks @loader_path/Frameworks";
				PRODUCT_NAME = "$(TARGET_NAME)";
				TEST_HOST = "$(BUILT_PRODUCTS_DIR)/JK3DFlapView.app/JK3DFlapView";
			};
			name = Debug;
		};
		386F43971B923EA500E6375C /* Release */ = {
			isa = XCBuildConfiguration;
			buildSettings = {
				BUNDLE_LOADER = "$(TEST_HOST)";
				FRAMEWORK_SEARCH_PATHS = (
					"$(SDKROOT)/Developer/Library/Frameworks",
					"$(inherited)",
				);
				INFOPLIST_FILE = JK3DFlapViewTests/Info.plist;
				LD_RUNPATH_SEARCH_PATHS = "$(inherited) @executable_path/Frameworks @loader_path/Frameworks";
				PRODUCT_NAME = "$(TARGET_NAME)";
				TEST_HOST = "$(BUILT_PRODUCTS_DIR)/JK3DFlapView.app/JK3DFlapView";
			};
			name = Release;
		};
/* End XCBuildConfiguration section */

/* Begin XCConfigurationList section */
		386F436A1B923EA500E6375C /* Build configuration list for PBXProject "JK3DFlapView" */ = {
			isa = XCConfigurationList;
			buildConfigurations = (
				386F43901B923EA500E6375C /* Debug */,
				386F43911B923EA500E6375C /* Release */,
			);
			defaultConfigurationIsVisible = 0;
			defaultConfigurationName = Release;
		};
		386F43921B923EA500E6375C /* Build configuration list for PBXNativeTarget "JK3DFlapView" */ = {
			isa = XCConfigurationList;
			buildConfigurations = (
				386F43931B923EA500E6375C /* Debug */,
				386F43941B923EA500E6375C /* Release */,
			);
			defaultConfigurationIsVisible = 0;
			defaultConfigurationName = Release;
		};
		386F43951B923EA500E6375C /* Build configuration list for PBXNativeTarget "JK3DFlapViewTests" */ = {
			isa = XCConfigurationList;
			buildConfigurations = (
				386F43961B923EA500E6375C /* Debug */,
				386F43971B923EA500E6375C /* Release */,
			);
			defaultConfigurationIsVisible = 0;
			defaultConfigurationName = Release;
		};
/* End XCConfigurationList section */
	};
	rootObject = 386F43671B923EA500E6375C /* Project object */;
}
